
Microsoft Visual Studio Solution File, Format Version 12.00
# Visual Studio 15
VisualStudioVersion = 15.0.27703.2042
MinimumVisualStudioVersion = 10.0.40219.1
Project("{FAE04EC0-301F-11D3-BF4B-00C04F79EFBC}") = "GameServer", "GameServer\GameServer.csproj", "{FCF8E9B3-C087-49AC-9A46-B83C88D4AC37}"
EndProject
Project("{FAE04EC0-301F-11D3-BF4B-00C04F79EFBC}") = "ServerTest", "ServerTest\ServerTest.csproj", "{0A240AB7-864A-4EFD-B30C-6B734C4C595F}"
EndProject
Global
	GlobalSection(SolutionConfigurationPlatforms) = preSolution
		Debug|Any CPU = Debug|Any CPU
		Release|Any CPU = Release|Any CPU
	EndGlobalSection
	GlobalSection(ProjectConfigurationPlatforms) = postSolution
		{FCF8E9B3-C087-49AC-9A46-B83C88D4AC37}.Debug|Any CPU.ActiveCfg = Debug|Any CPU
		{FCF8E9B3-C087-49AC-9A46-B83C88D4AC37}.Debug|Any CPU.Build.0 = Debug|Any CPU
		{FCF8E9B3-C087-49AC-9A46-B83C88D4AC37}.Release|Any CPU.ActiveCfg = Release|Any CPU
		{FCF8E9B3-C087-49AC-9A46-B83C88D4AC37}.Release|Any CPU.Build.0 = Release|Any CPU
		{0A240AB7-864A-4EFD-B30C-6B734C4C595F}.Debug|Any CPU.ActiveCfg = Debug|Any CPU
		{0A240AB7-864A-4EFD-B30C-6B734C4C595F}.Debug|Any CPU.Build.0 = Debug|Any CPU
		{0A240AB7-864A-4EFD-B30C-6B734C4C595F}.Release|Any CPU.ActiveCfg = Release|Any CPU
		{0A240AB7-864A-4EFD-B30C-6B734C4C595F}.Release|Any CPU.Build.0 = Release|Any CPU
	EndGlobalSection
	GlobalSection(SolutionProperties) = preSolution
		HideSolutionNode = FALSE
	EndGlobalSection
	GlobalSection(ExtensibilityGlobals) = postSolution
		SolutionGuid = {6AF146C6-C773-4065-8FBA-3276CC646BE1}
	EndGlobalSection
EndGlobal
